
Microsoft Visual Studio Solution File, Format Version 12.00
# Visual Studio Version 17
VisualStudioVersion = 17.14.36511.14
MinimumVisualStudioVersion = 10.0.40219.1
Project("{FAE04EC0-301F-11D3-BF4B-00C04F79EFBC}") = "ChatCommon", "ChatCommon\ChatCommon.csproj", "{FB7866F5-2953-496E-9766-90F307C4C534}"
EndProject
Project("{FAE04EC0-301F-11D3-BF4B-00C04F79EFBC}") = "ChatServer", "ChatServer\ChatServer.csproj", "{195BDF8B-4C74-434B-B0DE-78277826A106}"
EndProject
Project("{FAE04EC0-301F-11D3-BF4B-00C04F79EFBC}") = "ChatClient", "ChatClient\ChatClient.csproj", "{AD8FDB86-95FB-4AEA-A4FE-0576BA9D634E}"
EndProject
Global
	GlobalSection(SolutionConfigurationPlatforms) = preSolution
		Debug|Any CPU = Debug|Any CPU
		Release|Any CPU = Release|Any CPU
	EndGlobalSection
	GlobalSection(ProjectConfigurationPlatforms) = postSolution
		{FB7866F5-2953-496E-9766-90F307C4C534}.Debug|Any CPU.ActiveCfg = Debug|Any CPU
		{FB7866F5-2953-496E-9766-90F307C4C534}.Debug|Any CPU.Build.0 = Debug|Any CPU
		{FB7866F5-2953-496E-9766-90F307C4C534}.Release|Any CPU.ActiveCfg = Release|Any CPU
		{FB7866F5-2953-496E-9766-90F307C4C534}.Release|Any CPU.Build.0 = Release|Any CPU
		{195BDF8B-4C74-434B-B0DE-78277826A106}.Debug|Any CPU.ActiveCfg = Debug|Any CPU
		{195BDF8B-4C74-434B-B0DE-78277826A106}.Debug|Any CPU.Build.0 = Debug|Any CPU
		{195BDF8B-4C74-434B-B0DE-78277826A106}.Release|Any CPU.ActiveCfg = Release|Any CPU
		{195BDF8B-4C74-434B-B0DE-78277826A106}.Release|Any CPU.Build.0 = Release|Any CPU
		{AD8FDB86-95FB-4AEA-A4FE-0576BA9D634E}.Debug|Any CPU.ActiveCfg = Debug|Any CPU
		{AD8FDB86-95FB-4AEA-A4FE-0576BA9D634E}.Debug|Any CPU.Build.0 = Debug|Any CPU
		{AD8FDB86-95FB-4AEA-A4FE-0576BA9D634E}.Release|Any CPU.ActiveCfg = Release|Any CPU
		{AD8FDB86-95FB-4AEA-A4FE-0576BA9D634E}.Release|Any CPU.Build.0 = Release|Any CPU
	EndGlobalSection
	GlobalSection(SolutionProperties) = preSolution
		HideSolutionNode = FALSE
	EndGlobalSection
	GlobalSection(ExtensibilityGlobals) = postSolution
		SolutionGuid = {1D8A7324-E2E4-414C-9964-74FB42789533}
	EndGlobalSection
EndGlobal
